
Microsoft Visual Studio Solution File, Format Version 12.00
# Visual Studio Version 16
VisualStudioVersion = 25.0.1706.5
MinimumVisualStudioVersion = 10.0.40219.1
Project("{FAE04EC0-301F-11D3-BF4B-00C04F79EFBC}") = "ReDoProject.Persistence", "ReDoProject.Persistence.csproj", "{3E53E447-7CEF-477C-8412-52A9D37CB818}"
EndProject
Global
	GlobalSection(SolutionConfigurationPlatforms) = preSolution
		Debug|Any CPU = Debug|Any CPU
		Release|Any CPU = Release|Any CPU
	EndGlobalSection
	GlobalSection(ProjectConfigurationPlatforms) = postSolution
		{3E53E447-7CEF-477C-8412-52A9D37CB818}.Debug|Any CPU.ActiveCfg = Debug|Any CPU
		{3E53E447-7CEF-477C-8412-52A9D37CB818}.Debug|Any CPU.Build.0 = Debug|Any CPU
		{3E53E447-7CEF-477C-8412-52A9D37CB818}.Release|Any CPU.ActiveCfg = Release|Any CPU
		{3E53E447-7CEF-477C-8412-52A9D37CB818}.Release|Any CPU.Build.0 = Release|Any CPU
	EndGlobalSection
	GlobalSection(SolutionProperties) = preSolution
		HideSolutionNode = FALSE
	EndGlobalSection
	GlobalSection(ExtensibilityGlobals) = postSolution
		SolutionGuid = {E04E6229-CA2C-4A75-8C18-955E4D743987}
	EndGlobalSection
EndGlobal
